
Microsoft Visual Studio Solution File, Format Version 12.00
# Visual Studio Version 16
VisualStudioVersion = 16.0.31702.278
MinimumVisualStudioVersion = 10.0.40219.1
Project("{9A19103F-16F7-4668-BE54-9A1E7A4F7556}") = "Matrix.Items", "src\Matrix.Items\Matrix.Items.csproj", "{A860EAAC-ACCF-488C-BCAC-5DF0414833B8}"
EndProject
Project("{9A19103F-16F7-4668-BE54-9A1E7A4F7556}") = "Matrix.Data", "src\Matrix.Data\Matrix.Data.csproj", "{2C0FE0AC-105B-4A42-ADFA-3DE7DE84F661}"
EndProject
Project("{9A19103F-16F7-4668-BE54-9A1E7A4F7556}") = "Matrix.Core", "src\Matrix.Core\Matrix.Core.csproj", "{CA9C6A6A-2777-490A-903E-E74D1CEFECE6}"
EndProject
Project("{FAE04EC0-301F-11D3-BF4B-00C04F79EFBC}") = "Matrix.UI", "src\Matrix.UI\Matrix.UI.csproj", "{6C8E1240-AA36-40F0-989A-0FC0CFADB4C3}"
EndProject
Global
	GlobalSection(SolutionConfigurationPlatforms) = preSolution
		Debug|Any CPU = Debug|Any CPU
		Release|Any CPU = Release|Any CPU
	EndGlobalSection
	GlobalSection(ProjectConfigurationPlatforms) = postSolution
		{A860EAAC-ACCF-488C-BCAC-5DF0414833B8}.Debug|Any CPU.ActiveCfg = Debug|Any CPU
		{A860EAAC-ACCF-488C-BCAC-5DF0414833B8}.Debug|Any CPU.Build.0 = Debug|Any CPU
		{A860EAAC-ACCF-488C-BCAC-5DF0414833B8}.Release|Any CPU.ActiveCfg = Release|Any CPU
		{A860EAAC-ACCF-488C-BCAC-5DF0414833B8}.Release|Any CPU.Build.0 = Release|Any CPU
		{2C0FE0AC-105B-4A42-ADFA-3DE7DE84F661}.Debug|Any CPU.ActiveCfg = Debug|Any CPU
		{2C0FE0AC-105B-4A42-ADFA-3DE7DE84F661}.Debug|Any CPU.Build.0 = Debug|Any CPU
		{2C0FE0AC-105B-4A42-ADFA-3DE7DE84F661}.Release|Any CPU.ActiveCfg = Release|Any CPU
		{2C0FE0AC-105B-4A42-ADFA-3DE7DE84F661}.Release|Any CPU.Build.0 = Release|Any CPU
		{CA9C6A6A-2777-490A-903E-E74D1CEFECE6}.Debug|Any CPU.ActiveCfg = Debug|Any CPU
		{CA9C6A6A-2777-490A-903E-E74D1CEFECE6}.Debug|Any CPU.Build.0 = Debug|Any CPU
		{CA9C6A6A-2777-490A-903E-E74D1CEFECE6}.Release|Any CPU.ActiveCfg = Release|Any CPU
		{CA9C6A6A-2777-490A-903E-E74D1CEFECE6}.Release|Any CPU.Build.0 = Release|Any CPU
		{6C8E1240-AA36-40F0-989A-0FC0CFADB4C3}.Debug|Any CPU.ActiveCfg = Debug|Any CPU
		{6C8E1240-AA36-40F0-989A-0FC0CFADB4C3}.Debug|Any CPU.Build.0 = Debug|Any CPU
		{6C8E1240-AA36-40F0-989A-0FC0CFADB4C3}.Release|Any CPU.ActiveCfg = Release|Any CPU
		{6C8E1240-AA36-40F0-989A-0FC0CFADB4C3}.Release|Any CPU.Build.0 = Release|Any CPU
	EndGlobalSection
	GlobalSection(SolutionProperties) = preSolution
		HideSolutionNode = FALSE
	EndGlobalSection
	GlobalSection(ExtensibilityGlobals) = postSolution
		SolutionGuid = {33CFC894-82B1-4B29-80DF-7176C16A4DC6}
	EndGlobalSection
EndGlobal
